{
  "version": 4,
  "terraform_version": "1.9.8",
  "serial": 54,
  "lineage": "402029fb-4c8e-2897-124c-f88c19c417c7",
  "outputs": {
    "app_service_url": {
      "value": "test-aps-projet.azurewebsites.net",
      "type": "string"
    },
    "container_url": {
      "value": "https://blobstorageprojet.blob.core.windows.net/blobstorageprojet",
      "type": "string"
    },
    "storage_account_name": {
      "value": "blobstorageprojet",
      "type": "string"
    }
  },
  "resources": [
    {
      "mode": "managed",
      "type": "azurerm_app_service_plan",
      "name": "example",
      "provider": "provider[\"registry.terraform.io/hashicorp/azurerm\"]",
      "instances": [
        {
          "schema_version": 1,
          "attributes": {
            "app_service_environment_id": "",
            "id": "/subscriptions/39f62ee7-cb37-480b-b499-4c8671aec9de/resourceGroups/resource-group-test/providers/Microsoft.Web/serverFarms/test-asp-projet",
            "is_xenon": false,
            "kind": "linux",
            "location": "francecentral",
            "maximum_elastic_worker_count": 1,
            "maximum_number_of_workers": 3,
            "name": "test-asp-projet",
            "per_site_scaling": false,
            "reserved": true,
            "resource_group_name": "resource-group-test",
            "sku": [
              {
                "capacity": 1,
                "size": "B1",
                "tier": "Basic"
              }
            ],
            "tags": {},
            "timeouts": null,
            "zone_redundant": false
          },
          "sensitive_attributes": [],
          "private": "eyJlMmJmYjczMC1lY2FhLTExZTYtOGY4OC0zNDM2M2JjN2M0YzAiOnsiY3JlYXRlIjozNjAwMDAwMDAwMDAwLCJkZWxldGUiOjM2MDAwMDAwMDAwMDAsInJlYWQiOjMwMDAwMDAwMDAwMCwidXBkYXRlIjozNjAwMDAwMDAwMDAwfSwic2NoZW1hX3ZlcnNpb24iOiIxIn0=",
          "dependencies": [
            "azurerm_resource_group.rg"
          ]
        }
      ]
    },
    {
      "mode": "managed",
      "type": "azurerm_resource_group",
      "name": "rg",
      "provider": "provider[\"registry.terraform.io/hashicorp/azurerm\"]",
      "instances": [
        {
          "schema_version": 0,
          "attributes": {
            "id": "/subscriptions/39f62ee7-cb37-480b-b499-4c8671aec9de/resourceGroups/resource-group-test",
            "location": "francecentral",
            "managed_by": "",
            "name": "resource-group-test",
            "tags": {},
            "timeouts": null
          },
          "sensitive_attributes": [],
          "private": "eyJlMmJmYjczMC1lY2FhLTExZTYtOGY4OC0zNDM2M2JjN2M0YzAiOnsiY3JlYXRlIjo1NDAwMDAwMDAwMDAwLCJkZWxldGUiOjU0MDAwMDAwMDAwMDAsInJlYWQiOjMwMDAwMDAwMDAwMCwidXBkYXRlIjo1NDAwMDAwMDAwMDAwfX0="
        }
      ]
    },
    {
      "module": "module.app_service",
      "mode": "managed",
      "type": "azurerm_app_service",
      "name": "example",
      "provider": "provider[\"registry.terraform.io/hashicorp/azurerm\"]",
      "instances": [
        {
          "schema_version": 0,
          "attributes": {
            "app_service_plan_id": "/subscriptions/39f62ee7-cb37-480b-b499-4c8671aec9de/resourceGroups/resource-group-test/providers/Microsoft.Web/serverFarms/test-asp-projet",
            "app_settings": {},
            "auth_settings": [
              {
                "active_directory": [],
                "additional_login_params": {},
                "allowed_external_redirect_urls": [],
                "default_provider": "",
                "enabled": false,
                "facebook": [],
                "google": [],
                "issuer": "",
                "microsoft": [],
                "runtime_version": "",
                "token_refresh_extension_hours": 0,
                "token_store_enabled": false,
                "twitter": [],
                "unauthenticated_client_action": ""
              }
            ],
            "backup": [],
            "client_affinity_enabled": false,
            "client_cert_enabled": false,
            "client_cert_mode": "Required",
            "connection_string": [],
            "custom_domain_verification_id": "E7F76C606BBE789B81656644DAC646E34E92239FE17D5E69680D8E9080897D9C",
            "default_site_hostname": "test-aps-projet.azurewebsites.net",
            "enabled": true,
            "https_only": false,
            "id": "/subscriptions/39f62ee7-cb37-480b-b499-4c8671aec9de/resourceGroups/resource-group-test/providers/Microsoft.Web/sites/test-aps-projet",
            "identity": [],
            "key_vault_reference_identity_id": "SystemAssigned",
            "location": "francecentral",
            "logs": [
              {
                "application_logs": [
                  {
                    "azure_blob_storage": [],
                    "file_system_level": "Off"
                  }
                ],
                "detailed_error_messages_enabled": false,
                "failed_request_tracing_enabled": false,
                "http_logs": [
                  {
                    "azure_blob_storage": [],
                    "file_system": []
                  }
                ]
              }
            ],
            "name": "test-aps-projet",
            "outbound_ip_address_list": [
              "4.233.19.193",
              "4.233.19.219",
              "4.233.19.227",
              "4.233.19.237",
              "4.233.20.23",
              "4.233.20.31",
              "4.233.18.149",
              "4.233.18.160",
              "4.233.18.184",
              "4.233.18.191",
              "4.233.18.194",
              "4.233.18.208",
              "20.111.1.13"
            ],
            "outbound_ip_addresses": "4.233.19.193,4.233.19.219,4.233.19.227,4.233.19.237,4.233.20.23,4.233.20.31,4.233.18.149,4.233.18.160,4.233.18.184,4.233.18.191,4.233.18.194,4.233.18.208,20.111.1.13",
            "possible_outbound_ip_address_list": [
              "4.233.19.193",
              "4.233.19.219",
              "4.233.19.227",
              "4.233.19.237",
              "4.233.20.23",
              "4.233.20.31",
              "4.233.18.149",
              "4.233.18.160",
              "4.233.18.184",
              "4.233.18.191",
              "4.233.18.194",
              "4.233.18.208",
              "4.233.18.210",
              "4.233.18.212",
              "4.233.18.254",
              "4.233.19.23",
              "4.233.17.109",
              "4.233.19.33",
              "4.233.19.103",
              "4.233.19.119",
              "4.233.19.124",
              "4.233.19.146",
              "4.233.19.171",
              "4.233.19.182",
              "4.233.20.53",
              "4.233.20.54",
              "4.233.20.64",
              "4.233.20.76",
              "4.233.20.103",
              "4.233.20.109",
              "20.111.1.13"
            ],
            "possible_outbound_ip_addresses": "4.233.19.193,4.233.19.219,4.233.19.227,4.233.19.237,4.233.20.23,4.233.20.31,4.233.18.149,4.233.18.160,4.233.18.184,4.233.18.191,4.233.18.194,4.233.18.208,4.233.18.210,4.233.18.212,4.233.18.254,4.233.19.23,4.233.17.109,4.233.19.33,4.233.19.103,4.233.19.119,4.233.19.124,4.233.19.146,4.233.19.171,4.233.19.182,4.233.20.53,4.233.20.54,4.233.20.64,4.233.20.76,4.233.20.103,4.233.20.109,20.111.1.13",
            "resource_group_name": "resource-group-test",
            "site_config": [
              {
                "acr_use_managed_identity_credentials": false,
                "acr_user_managed_identity_client_id": "",
                "always_on": false,
                "app_command_line": "",
                "auto_swap_slot_name": "",
                "cors": [],
                "default_documents": [
                  "Default.htm",
                  "Default.html",
                  "Default.asp",
                  "index.htm",
                  "index.html",
                  "iisstart.htm",
                  "default.aspx",
                  "index.php",
                  "hostingstart.html"
                ],
                "dotnet_framework_version": "v4.0",
                "ftps_state": "FtpsOnly",
                "health_check_path": "",
                "http2_enabled": false,
                "ip_restriction": [],
                "java_container": "",
                "java_container_version": "",
                "java_version": "",
                "linux_fx_version": "",
                "local_mysql_enabled": false,
                "managed_pipeline_mode": "Integrated",
                "min_tls_version": "1.2",
                "number_of_workers": 1,
                "php_version": "",
                "python_version": "",
                "remote_debugging_enabled": false,
                "remote_debugging_version": "",
                "scm_ip_restriction": [],
                "scm_type": "None",
                "scm_use_main_ip_restriction": false,
                "use_32_bit_worker_process": true,
                "vnet_route_all_enabled": false,
                "websockets_enabled": false,
                "windows_fx_version": ""
              }
            ],
            "site_credential": [
              {
                "password": "ohEGkjxpRbvuhMH1d1woQ6BzE4Qfnu46kxDRGgNF5d79td5NYqhYGKhbqDt4",
                "username": "$test-aps-projet"
              }
            ],
            "source_control": [
              {
                "branch": "main",
                "manual_integration": false,
                "repo_url": "",
                "rollback_enabled": false,
                "use_mercurial": false
              }
            ],
            "storage_account": [],
            "tags": {},
            "timeouts": null
          },
          "sensitive_attributes": [],
          "private": "eyJlMmJmYjczMC1lY2FhLTExZTYtOGY4OC0zNDM2M2JjN2M0YzAiOnsiY3JlYXRlIjoxODAwMDAwMDAwMDAwLCJkZWxldGUiOjE4MDAwMDAwMDAwMDAsInJlYWQiOjMwMDAwMDAwMDAwMCwidXBkYXRlIjoxODAwMDAwMDAwMDAwfX0=",
          "dependencies": [
            "azurerm_app_service_plan.example",
            "azurerm_resource_group.rg"
          ]
        }
      ]
    },
    {
      "module": "module.network",
      "mode": "managed",
      "type": "azurerm_subnet",
      "name": "storage_subnet",
      "provider": "provider[\"registry.terraform.io/hashicorp/azurerm\"]",
      "instances": [
        {
          "schema_version": 0,
          "attributes": {
            "address_prefixes": [
              "10.0.3.0/24"
            ],
            "default_outbound_access_enabled": true,
            "delegation": [],
            "id": "/subscriptions/39f62ee7-cb37-480b-b499-4c8671aec9de/resourceGroups/resource-group-test/providers/Microsoft.Network/virtualNetworks/my-vnet/subnets/storage-subnet",
            "name": "storage-subnet",
            "private_endpoint_network_policies": "Disabled",
            "private_link_service_network_policies_enabled": true,
            "resource_group_name": "resource-group-test",
            "service_endpoint_policy_ids": [],
            "service_endpoints": [],
            "timeouts": null,
            "virtual_network_name": "my-vnet"
          },
          "sensitive_attributes": [],
          "private": "eyJlMmJmYjczMC1lY2FhLTExZTYtOGY4OC0zNDM2M2JjN2M0YzAiOnsiY3JlYXRlIjoxODAwMDAwMDAwMDAwLCJkZWxldGUiOjE4MDAwMDAwMDAwMDAsInJlYWQiOjMwMDAwMDAwMDAwMCwidXBkYXRlIjoxODAwMDAwMDAwMDAwfX0=",
          "dependencies": [
            "module.network.azurerm_virtual_network.vnet"
          ]
        }
      ]
    },
    {
      "module": "module.network",
      "mode": "managed",
      "type": "azurerm_virtual_network",
      "name": "vnet",
      "provider": "provider[\"registry.terraform.io/hashicorp/azurerm\"]",
      "instances": [
        {
          "schema_version": 0,
          "attributes": {
            "address_space": [
              "10.0.0.0/16"
            ],
            "bgp_community": "",
            "ddos_protection_plan": [],
            "dns_servers": [],
            "edge_zone": "",
            "encryption": [],
            "flow_timeout_in_minutes": 0,
            "guid": "07951456-ee5e-40ae-89c6-e5c11f5b8831",
            "id": "/subscriptions/39f62ee7-cb37-480b-b499-4c8671aec9de/resourceGroups/resource-group-test/providers/Microsoft.Network/virtualNetworks/my-vnet",
            "location": "francecentral",
            "name": "my-vnet",
            "resource_group_name": "resource-group-test",
            "subnet": [
              {
                "address_prefixes": [
                  "10.0.1.0/24"
                ],
                "default_outbound_access_enabled": true,
                "delegation": [],
                "id": "/subscriptions/39f62ee7-cb37-480b-b499-4c8671aec9de/resourceGroups/resource-group-test/providers/Microsoft.Network/virtualNetworks/my-vnet/subnets/app-subnet",
                "name": "app-subnet",
                "private_endpoint_network_policies": "Disabled",
                "private_link_service_network_policies_enabled": true,
                "route_table_id": "",
                "security_group": "",
                "service_endpoint_policy_ids": [],
                "service_endpoints": []
              },
              {
                "address_prefixes": [
                  "10.0.3.0/24"
                ],
                "default_outbound_access_enabled": true,
                "delegation": [],
                "id": "/subscriptions/39f62ee7-cb37-480b-b499-4c8671aec9de/resourceGroups/resource-group-test/providers/Microsoft.Network/virtualNetworks/my-vnet/subnets/storage-subnet",
                "name": "storage-subnet",
                "private_endpoint_network_policies": "Disabled",
                "private_link_service_network_policies_enabled": true,
                "route_table_id": "",
                "security_group": "",
                "service_endpoint_policy_ids": [],
                "service_endpoints": []
              }
            ],
            "tags": {},
            "timeouts": null
          },
          "sensitive_attributes": [],
          "private": "eyJlMmJmYjczMC1lY2FhLTExZTYtOGY4OC0zNDM2M2JjN2M0YzAiOnsiY3JlYXRlIjoxODAwMDAwMDAwMDAwLCJkZWxldGUiOjE4MDAwMDAwMDAwMDAsInJlYWQiOjMwMDAwMDAwMDAwMCwidXBkYXRlIjoxODAwMDAwMDAwMDAwfX0="
        }
      ]
    }
  ],
  "check_results": null
}
