{
  "version": 4,
  "terraform_version": "1.9.8",
  "serial": 38,
  "lineage": "402029fb-4c8e-2897-124c-f88c19c417c7",
  "outputs": {
    "app_service_url": {
      "value": "test-aps-projet.azurewebsites.net",
      "type": "string"
    },
    "container_url": {
      "value": "https://blobstorageprojet.blob.core.windows.net/blobstorageprojet",
      "type": "string"
    },
    "postgresql_connection_string": {
      "value": "postgresql://adminuser:gXJ#@zh3@projetpostgresqlserver.postgres.database.azure.com:5432/projetdatabase",
      "type": "string",
      "sensitive": true
    },
    "storage_account_name": {
      "value": "blobstorageprojet",
      "type": "string"
    }
  },
  "resources": [
    {
      "mode": "managed",
      "type": "azurerm_app_service_plan",
      "name": "example",
      "provider": "provider[\"registry.terraform.io/hashicorp/azurerm\"]",
      "instances": [
        {
          "schema_version": 1,
          "attributes": {
            "app_service_environment_id": "",
            "id": "/subscriptions/39f62ee7-cb37-480b-b499-4c8671aec9de/resourceGroups/resource-group-test/providers/Microsoft.Web/serverFarms/test-asp-projet",
            "is_xenon": false,
            "kind": "linux",
            "location": "francecentral",
            "maximum_elastic_worker_count": 1,
            "maximum_number_of_workers": 3,
            "name": "test-asp-projet",
            "per_site_scaling": false,
            "reserved": true,
            "resource_group_name": "resource-group-test",
            "sku": [
              {
                "capacity": 1,
                "size": "B1",
                "tier": "Basic"
              }
            ],
            "tags": {},
            "timeouts": null,
            "zone_redundant": false
          },
          "sensitive_attributes": [],
          "private": "eyJlMmJmYjczMC1lY2FhLTExZTYtOGY4OC0zNDM2M2JjN2M0YzAiOnsiY3JlYXRlIjozNjAwMDAwMDAwMDAwLCJkZWxldGUiOjM2MDAwMDAwMDAwMDAsInJlYWQiOjMwMDAwMDAwMDAwMCwidXBkYXRlIjozNjAwMDAwMDAwMDAwfSwic2NoZW1hX3ZlcnNpb24iOiIxIn0=",
          "dependencies": [
            "azurerm_resource_group.rg"
          ]
        }
      ]
    },
    {
      "mode": "managed",
      "type": "azurerm_resource_group",
      "name": "rg",
      "provider": "provider[\"registry.terraform.io/hashicorp/azurerm\"]",
      "instances": [
        {
          "schema_version": 0,
          "attributes": {
            "id": "/subscriptions/39f62ee7-cb37-480b-b499-4c8671aec9de/resourceGroups/resource-group-test",
            "location": "francecentral",
            "managed_by": "",
            "name": "resource-group-test",
            "tags": {},
            "timeouts": null
          },
          "sensitive_attributes": [],
          "private": "eyJlMmJmYjczMC1lY2FhLTExZTYtOGY4OC0zNDM2M2JjN2M0YzAiOnsiY3JlYXRlIjo1NDAwMDAwMDAwMDAwLCJkZWxldGUiOjU0MDAwMDAwMDAwMDAsInJlYWQiOjMwMDAwMDAwMDAwMCwidXBkYXRlIjo1NDAwMDAwMDAwMDAwfX0="
        }
      ]
    },
    {
      "module": "module.app_service",
      "mode": "managed",
      "type": "azurerm_app_service",
      "name": "example",
      "provider": "provider[\"registry.terraform.io/hashicorp/azurerm\"]",
      "instances": [
        {
          "schema_version": 0,
          "attributes": {
            "app_service_plan_id": "/subscriptions/39f62ee7-cb37-480b-b499-4c8671aec9de/resourceGroups/resource-group-test/providers/Microsoft.Web/serverFarms/test-asp-projet",
            "app_settings": {},
            "auth_settings": [
              {
                "active_directory": [],
                "additional_login_params": {},
                "allowed_external_redirect_urls": [],
                "default_provider": "",
                "enabled": false,
                "facebook": [],
                "google": [],
                "issuer": "",
                "microsoft": [],
                "runtime_version": "",
                "token_refresh_extension_hours": 0,
                "token_store_enabled": false,
                "twitter": [],
                "unauthenticated_client_action": ""
              }
            ],
            "backup": [],
            "client_affinity_enabled": false,
            "client_cert_enabled": false,
            "client_cert_mode": "Required",
            "connection_string": [],
            "custom_domain_verification_id": "E7F76C606BBE789B81656644DAC646E34E92239FE17D5E69680D8E9080897D9C",
            "default_site_hostname": "test-aps-projet.azurewebsites.net",
            "enabled": true,
            "https_only": false,
            "id": "/subscriptions/39f62ee7-cb37-480b-b499-4c8671aec9de/resourceGroups/resource-group-test/providers/Microsoft.Web/sites/test-aps-projet",
            "identity": [],
            "key_vault_reference_identity_id": "SystemAssigned",
            "location": "francecentral",
            "logs": [
              {
                "application_logs": [
                  {
                    "azure_blob_storage": [],
                    "file_system_level": "Off"
                  }
                ],
                "detailed_error_messages_enabled": false,
                "failed_request_tracing_enabled": false,
                "http_logs": [
                  {
                    "azure_blob_storage": [],
                    "file_system": []
                  }
                ]
              }
            ],
            "name": "test-aps-projet",
            "outbound_ip_address_list": [
              "20.74.119.173",
              "20.74.119.187",
              "20.74.119.209",
              "20.74.114.180",
              "20.74.115.103",
              "20.74.114.152",
              "20.74.40.91",
              "20.74.115.182",
              "20.74.115.218",
              "20.74.115.250",
              "20.74.116.134",
              "20.74.116.140",
              "20.111.1.9"
            ],
            "outbound_ip_addresses": "20.74.119.173,20.74.119.187,20.74.119.209,20.74.114.180,20.74.115.103,20.74.114.152,20.74.40.91,20.74.115.182,20.74.115.218,20.74.115.250,20.74.116.134,20.74.116.140,20.111.1.9",
            "possible_outbound_ip_address_list": [
              "20.74.119.173",
              "20.74.119.187",
              "20.74.119.209",
              "20.74.114.180",
              "20.74.115.103",
              "20.74.114.152",
              "20.74.40.91",
              "20.74.115.182",
              "20.74.115.218",
              "20.74.115.250",
              "20.74.116.134",
              "20.74.116.140",
              "20.74.116.243",
              "20.74.117.9",
              "20.74.117.48",
              "20.74.118.82",
              "20.74.118.181",
              "20.74.118.210",
              "20.74.118.239",
              "20.74.119.1",
              "20.74.119.15",
              "20.74.119.67",
              "20.74.119.113",
              "20.74.119.162",
              "20.74.114.134",
              "20.74.114.179",
              "20.74.113.223",
              "20.199.0.47",
              "20.199.1.158",
              "20.199.1.192",
              "20.111.1.9"
            ],
            "possible_outbound_ip_addresses": "20.74.119.173,20.74.119.187,20.74.119.209,20.74.114.180,20.74.115.103,20.74.114.152,20.74.40.91,20.74.115.182,20.74.115.218,20.74.115.250,20.74.116.134,20.74.116.140,20.74.116.243,20.74.117.9,20.74.117.48,20.74.118.82,20.74.118.181,20.74.118.210,20.74.118.239,20.74.119.1,20.74.119.15,20.74.119.67,20.74.119.113,20.74.119.162,20.74.114.134,20.74.114.179,20.74.113.223,20.199.0.47,20.199.1.158,20.199.1.192,20.111.1.9",
            "resource_group_name": "resource-group-test",
            "site_config": [
              {
                "acr_use_managed_identity_credentials": false,
                "acr_user_managed_identity_client_id": "",
                "always_on": false,
                "app_command_line": "",
                "auto_swap_slot_name": "",
                "cors": [],
                "default_documents": [
                  "Default.htm",
                  "Default.html",
                  "Default.asp",
                  "index.htm",
                  "index.html",
                  "iisstart.htm",
                  "default.aspx",
                  "index.php",
                  "hostingstart.html"
                ],
                "dotnet_framework_version": "v4.0",
                "ftps_state": "FtpsOnly",
                "health_check_path": "",
                "http2_enabled": false,
                "ip_restriction": [],
                "java_container": "",
                "java_container_version": "",
                "java_version": "",
                "linux_fx_version": "",
                "local_mysql_enabled": false,
                "managed_pipeline_mode": "Integrated",
                "min_tls_version": "1.2",
                "number_of_workers": 1,
                "php_version": "",
                "python_version": "",
                "remote_debugging_enabled": false,
                "remote_debugging_version": "",
                "scm_ip_restriction": [],
                "scm_type": "None",
                "scm_use_main_ip_restriction": false,
                "use_32_bit_worker_process": true,
                "vnet_route_all_enabled": false,
                "websockets_enabled": false,
                "windows_fx_version": ""
              }
            ],
            "site_credential": [
              {
                "password": "ee5u9QmAdRAZNwciaTC0qFTRZMdAtvmZxeL7MX01HtgSjWtnDKF3tACpNf8x",
                "username": "$test-aps-projet"
              }
            ],
            "source_control": [
              {
                "branch": "main",
                "manual_integration": false,
                "repo_url": "",
                "rollback_enabled": false,
                "use_mercurial": false
              }
            ],
            "storage_account": [],
            "tags": {},
            "timeouts": null
          },
          "sensitive_attributes": [],
          "private": "eyJlMmJmYjczMC1lY2FhLTExZTYtOGY4OC0zNDM2M2JjN2M0YzAiOnsiY3JlYXRlIjoxODAwMDAwMDAwMDAwLCJkZWxldGUiOjE4MDAwMDAwMDAwMDAsInJlYWQiOjMwMDAwMDAwMDAwMCwidXBkYXRlIjoxODAwMDAwMDAwMDAwfX0=",
          "dependencies": [
            "azurerm_app_service_plan.example",
            "azurerm_resource_group.rg"
          ]
        }
      ]
    },
    {
      "module": "module.blob_storage",
      "mode": "managed",
      "type": "azurerm_storage_account",
      "name": "example",
      "provider": "provider[\"registry.terraform.io/hashicorp/azurerm\"]",
      "instances": [
        {
          "schema_version": 4,
          "attributes": {
            "access_tier": "Hot",
            "account_kind": "StorageV2",
            "account_replication_type": "LRS",
            "account_tier": "Standard",
            "allow_nested_items_to_be_public": true,
            "allowed_copy_scope": "",
            "azure_files_authentication": [],
            "blob_properties": [
              {
                "change_feed_enabled": false,
                "change_feed_retention_in_days": 0,
                "container_delete_retention_policy": [],
                "cors_rule": [],
                "default_service_version": "",
                "delete_retention_policy": [],
                "last_access_time_enabled": false,
                "restore_policy": [],
                "versioning_enabled": false
              }
            ],
            "cross_tenant_replication_enabled": false,
            "custom_domain": [],
            "customer_managed_key": [],
            "default_to_oauth_authentication": false,
            "dns_endpoint_type": "Standard",
            "edge_zone": "",
            "https_traffic_only_enabled": true,
            "id": "/subscriptions/39f62ee7-cb37-480b-b499-4c8671aec9de/resourceGroups/resource-group-test/providers/Microsoft.Storage/storageAccounts/blobstorageprojet",
            "identity": [],
            "immutability_policy": [],
            "infrastructure_encryption_enabled": false,
            "is_hns_enabled": false,
            "large_file_share_enabled": false,
            "local_user_enabled": true,
            "location": "francecentral",
            "min_tls_version": "TLS1_2",
            "name": "blobstorageprojet",
            "network_rules": [],
            "nfsv3_enabled": false,
            "primary_access_key": "TrbNPcz/pdah3GWlXFkXmq2kxajoJ4GwcOS77Rnj1lqAu7TCdvdwqMi+d5c4P+8bCHzU4dXsNDV8+AStxXy0Xg==",
            "primary_blob_connection_string": "DefaultEndpointsProtocol=https;BlobEndpoint=https://blobstorageprojet.blob.core.windows.net/;AccountName=blobstorageprojet;AccountKey=TrbNPcz/pdah3GWlXFkXmq2kxajoJ4GwcOS77Rnj1lqAu7TCdvdwqMi+d5c4P+8bCHzU4dXsNDV8+AStxXy0Xg==",
            "primary_blob_endpoint": "https://blobstorageprojet.blob.core.windows.net/",
            "primary_blob_host": "blobstorageprojet.blob.core.windows.net",
            "primary_blob_internet_endpoint": "",
            "primary_blob_internet_host": "",
            "primary_blob_microsoft_endpoint": "",
            "primary_blob_microsoft_host": "",
            "primary_connection_string": "DefaultEndpointsProtocol=https;AccountName=blobstorageprojet;AccountKey=TrbNPcz/pdah3GWlXFkXmq2kxajoJ4GwcOS77Rnj1lqAu7TCdvdwqMi+d5c4P+8bCHzU4dXsNDV8+AStxXy0Xg==;EndpointSuffix=core.windows.net",
            "primary_dfs_endpoint": "https://blobstorageprojet.dfs.core.windows.net/",
            "primary_dfs_host": "blobstorageprojet.dfs.core.windows.net",
            "primary_dfs_internet_endpoint": "",
            "primary_dfs_internet_host": "",
            "primary_dfs_microsoft_endpoint": "",
            "primary_dfs_microsoft_host": "",
            "primary_file_endpoint": "https://blobstorageprojet.file.core.windows.net/",
            "primary_file_host": "blobstorageprojet.file.core.windows.net",
            "primary_file_internet_endpoint": "",
            "primary_file_internet_host": "",
            "primary_file_microsoft_endpoint": "",
            "primary_file_microsoft_host": "",
            "primary_location": "francecentral",
            "primary_queue_endpoint": "https://blobstorageprojet.queue.core.windows.net/",
            "primary_queue_host": "blobstorageprojet.queue.core.windows.net",
            "primary_queue_microsoft_endpoint": "",
            "primary_queue_microsoft_host": "",
            "primary_table_endpoint": "https://blobstorageprojet.table.core.windows.net/",
            "primary_table_host": "blobstorageprojet.table.core.windows.net",
            "primary_table_microsoft_endpoint": "",
            "primary_table_microsoft_host": "",
            "primary_web_endpoint": "https://blobstorageprojet.z28.web.core.windows.net/",
            "primary_web_host": "blobstorageprojet.z28.web.core.windows.net",
            "primary_web_internet_endpoint": "",
            "primary_web_internet_host": "",
            "primary_web_microsoft_endpoint": "",
            "primary_web_microsoft_host": "",
            "public_network_access_enabled": true,
            "queue_encryption_key_type": "Service",
            "queue_properties": [
              {
                "cors_rule": [],
                "hour_metrics": [
                  {
                    "enabled": true,
                    "include_apis": true,
                    "retention_policy_days": 7,
                    "version": "1.0"
                  }
                ],
                "logging": [
                  {
                    "delete": false,
                    "read": false,
                    "retention_policy_days": 0,
                    "version": "1.0",
                    "write": false
                  }
                ],
                "minute_metrics": [
                  {
                    "enabled": false,
                    "include_apis": false,
                    "retention_policy_days": 0,
                    "version": "1.0"
                  }
                ]
              }
            ],
            "resource_group_name": "resource-group-test",
            "routing": [],
            "sas_policy": [],
            "secondary_access_key": "jQzfoC3r6HB63PXGKBBI0cm5lvINGYIQZ7tR2ckz2WExnyEhiW/wdkegrMfJ4cA2zbi9Q79vAhEx+AStoND7Ag==",
            "secondary_blob_connection_string": "",
            "secondary_blob_endpoint": "",
            "secondary_blob_host": "",
            "secondary_blob_internet_endpoint": "",
            "secondary_blob_internet_host": "",
            "secondary_blob_microsoft_endpoint": "",
            "secondary_blob_microsoft_host": "",
            "secondary_connection_string": "DefaultEndpointsProtocol=https;AccountName=blobstorageprojet;AccountKey=jQzfoC3r6HB63PXGKBBI0cm5lvINGYIQZ7tR2ckz2WExnyEhiW/wdkegrMfJ4cA2zbi9Q79vAhEx+AStoND7Ag==;EndpointSuffix=core.windows.net",
            "secondary_dfs_endpoint": "",
            "secondary_dfs_host": "",
            "secondary_dfs_internet_endpoint": "",
            "secondary_dfs_internet_host": "",
            "secondary_dfs_microsoft_endpoint": "",
            "secondary_dfs_microsoft_host": "",
            "secondary_file_endpoint": "",
            "secondary_file_host": "",
            "secondary_file_internet_endpoint": "",
            "secondary_file_internet_host": "",
            "secondary_file_microsoft_endpoint": "",
            "secondary_file_microsoft_host": "",
            "secondary_location": "",
            "secondary_queue_endpoint": "",
            "secondary_queue_host": "",
            "secondary_queue_microsoft_endpoint": "",
            "secondary_queue_microsoft_host": "",
            "secondary_table_endpoint": "",
            "secondary_table_host": "",
            "secondary_table_microsoft_endpoint": "",
            "secondary_table_microsoft_host": "",
            "secondary_web_endpoint": "",
            "secondary_web_host": "",
            "secondary_web_internet_endpoint": "",
            "secondary_web_internet_host": "",
            "secondary_web_microsoft_endpoint": "",
            "secondary_web_microsoft_host": "",
            "sftp_enabled": false,
            "share_properties": [
              {
                "cors_rule": [],
                "retention_policy": [
                  {
                    "days": 7
                  }
                ],
                "smb": []
              }
            ],
            "shared_access_key_enabled": true,
            "static_website": [],
            "table_encryption_key_type": "Service",
            "tags": {
              "environment": "Production"
            },
            "timeouts": null
          },
          "sensitive_attributes": [
            [
              {
                "type": "get_attr",
                "value": "secondary_access_key"
              }
            ],
            [
              {
                "type": "get_attr",
                "value": "primary_access_key"
              }
            ],
            [
              {
                "type": "get_attr",
                "value": "primary_blob_connection_string"
              }
            ],
            [
              {
                "type": "get_attr",
                "value": "secondary_connection_string"
              }
            ],
            [
              {
                "type": "get_attr",
                "value": "secondary_blob_connection_string"
              }
            ],
            [
              {
                "type": "get_attr",
                "value": "primary_connection_string"
              }
            ]
          ],
          "private": "eyJlMmJmYjczMC1lY2FhLTExZTYtOGY4OC0zNDM2M2JjN2M0YzAiOnsiY3JlYXRlIjozNjAwMDAwMDAwMDAwLCJkZWxldGUiOjM2MDAwMDAwMDAwMDAsInJlYWQiOjMwMDAwMDAwMDAwMCwidXBkYXRlIjozNjAwMDAwMDAwMDAwfSwic2NoZW1hX3ZlcnNpb24iOiI0In0="
        }
      ]
    },
    {
      "module": "module.blob_storage",
      "mode": "managed",
      "type": "azurerm_storage_container",
      "name": "example",
      "provider": "provider[\"registry.terraform.io/hashicorp/azurerm\"]",
      "instances": [
        {
          "schema_version": 1,
          "attributes": {
            "container_access_type": "private",
            "default_encryption_scope": "$account-encryption-key",
            "encryption_scope_override_enabled": true,
            "has_immutability_policy": false,
            "has_legal_hold": false,
            "id": "https://blobstorageprojet.blob.core.windows.net/blobstorageprojet",
            "metadata": {},
            "name": "blobstorageprojet",
            "resource_manager_id": "/subscriptions/39f62ee7-cb37-480b-b499-4c8671aec9de/resourceGroups/resource-group-test/providers/Microsoft.Storage/storageAccounts/blobstorageprojet/blobServices/default/containers/blobstorageprojet",
            "storage_account_id": null,
            "storage_account_name": "blobstorageprojet",
            "timeouts": null
          },
          "sensitive_attributes": [],
          "private": "eyJlMmJmYjczMC1lY2FhLTExZTYtOGY4OC0zNDM2M2JjN2M0YzAiOnsiY3JlYXRlIjoxODAwMDAwMDAwMDAwLCJkZWxldGUiOjE4MDAwMDAwMDAwMDAsInJlYWQiOjMwMDAwMDAwMDAwMCwidXBkYXRlIjoxODAwMDAwMDAwMDAwfSwic2NoZW1hX3ZlcnNpb24iOiIxIn0=",
          "dependencies": [
            "module.blob_storage.azurerm_storage_account.example"
          ]
        }
      ]
    }
  ],
  "check_results": null
}
